
Microsoft Visual Studio Solution File, Format Version 12.00
# Visual Studio Version 16
VisualStudioVersion = 16.0.31105.61
MinimumVisualStudioVersion = 10.0.40219.1
Project("{FAE04EC0-301F-11D3-BF4B-00C04F79EFBC}") = "Calculator", "Calculator\Calculator.csproj", "{4F2118CA-6F22-4F84-8043-28FFAABEB380}"
EndProject
Global
	GlobalSection(SolutionConfigurationPlatforms) = preSolution
		Debug|Any CPU = Debug|Any CPU
		Release|Any CPU = Release|Any CPU
	EndGlobalSection
	GlobalSection(ProjectConfigurationPlatforms) = postSolution
		{4F2118CA-6F22-4F84-8043-28FFAABEB380}.Debug|Any CPU.ActiveCfg = Debug|Any CPU
		{4F2118CA-6F22-4F84-8043-28FFAABEB380}.Debug|Any CPU.Build.0 = Debug|Any CPU
		{4F2118CA-6F22-4F84-8043-28FFAABEB380}.Release|Any CPU.ActiveCfg = Release|Any CPU
		{4F2118CA-6F22-4F84-8043-28FFAABEB380}.Release|Any CPU.Build.0 = Release|Any CPU
	EndGlobalSection
	GlobalSection(SolutionProperties) = preSolution
		HideSolutionNode = FALSE
	EndGlobalSection
	GlobalSection(ExtensibilityGlobals) = postSolution
		SolutionGuid = {458450CA-8470-4551-99E7-0B0A67BBDCE5}
	EndGlobalSection
EndGlobal
